
Microsoft Visual Studio Solution File, Format Version 12.00
# Visual Studio Version 17
VisualStudioVersion = 17.8.34408.163
MinimumVisualStudioVersion = 10.0.40219.1
Project("{8BC9CEB8-8B4A-11D0-8D11-00A0C91BC942}") = "AlgorithmsAssignment1", "AlgorithmsAssignment1\AlgorithmsAssignment1.vcxproj", "{B9F4AB44-44C8-4281-BC32-1C0FFD9A124F}"
EndProject
Global
	GlobalSection(SolutionConfigurationPlatforms) = preSolution
		Debug|x64 = Debug|x64
		Debug|x86 = Debug|x86
		Release|x64 = Release|x64
		Release|x86 = Release|x86
	EndGlobalSection
	GlobalSection(ProjectConfigurationPlatforms) = postSolution
		{B9F4AB44-44C8-4281-BC32-1C0FFD9A124F}.Debug|x64.ActiveCfg = Debug|x64
		{B9F4AB44-44C8-4281-BC32-1C0FFD9A124F}.Debug|x64.Build.0 = Debug|x64
		{B9F4AB44-44C8-4281-BC32-1C0FFD9A124F}.Debug|x86.ActiveCfg = Debug|Win32
		{B9F4AB44-44C8-4281-BC32-1C0FFD9A124F}.Debug|x86.Build.0 = Debug|Win32
		{B9F4AB44-44C8-4281-BC32-1C0FFD9A124F}.Release|x64.ActiveCfg = Release|x64
		{B9F4AB44-44C8-4281-BC32-1C0FFD9A124F}.Release|x64.Build.0 = Release|x64
		{B9F4AB44-44C8-4281-BC32-1C0FFD9A124F}.Release|x86.ActiveCfg = Release|Win32
		{B9F4AB44-44C8-4281-BC32-1C0FFD9A124F}.Release|x86.Build.0 = Release|Win32
	EndGlobalSection
	GlobalSection(SolutionProperties) = preSolution
		HideSolutionNode = FALSE
	EndGlobalSection
	GlobalSection(ExtensibilityGlobals) = postSolution
		SolutionGuid = {6B565ECD-AE66-4E46-87E5-AF375E2C080A}
	EndGlobalSection
EndGlobal
